
Microsoft Visual Studio Solution File, Format Version 12.00
# Visual Studio Version 16
VisualStudioVersion = 16.0.29025.244
MinimumVisualStudioVersion = 10.0.40219.1
Project("{FAE04EC0-301F-11D3-BF4B-00C04F79EFBC}") = "Project7Chapter13", "Project7Chapter13\Project7Chapter13.csproj", "{8C886223-44A4-4CA2-99CF-616E3D6B6C03}"
EndProject
Global
	GlobalSection(SolutionConfigurationPlatforms) = preSolution
		Debug|Any CPU = Debug|Any CPU
		Release|Any CPU = Release|Any CPU
	EndGlobalSection
	GlobalSection(ProjectConfigurationPlatforms) = postSolution
		{8C886223-44A4-4CA2-99CF-616E3D6B6C03}.Debug|Any CPU.ActiveCfg = Debug|Any CPU
		{8C886223-44A4-4CA2-99CF-616E3D6B6C03}.Debug|Any CPU.Build.0 = Debug|Any CPU
		{8C886223-44A4-4CA2-99CF-616E3D6B6C03}.Release|Any CPU.ActiveCfg = Release|Any CPU
		{8C886223-44A4-4CA2-99CF-616E3D6B6C03}.Release|Any CPU.Build.0 = Release|Any CPU
	EndGlobalSection
	GlobalSection(SolutionProperties) = preSolution
		HideSolutionNode = FALSE
	EndGlobalSection
	GlobalSection(ExtensibilityGlobals) = postSolution
		SolutionGuid = {BA1D29CE-5E5B-4F3D-93CD-159A198983A3}
	EndGlobalSection
EndGlobal
